// !$*UTF8*$!
{
	archiveVersion = 1;
	classes = {
	};
	objectVersion = 50;
	objects = {

/* Begin PBXBuildFile section */
		FC61550B207C63040078CCC9 /* AppDelegate.m in Sources */ = {isa = PBXBuildFile; fileRef = FC61550A207C63040078CCC9 /* AppDelegate.m */; };
		FC615511207C63040078CCC9 /* Main.storyboard in Resources */ = {isa = PBXBuildFile; fileRef = FC61550F207C63040078CCC9 /* Main.storyboard */; };
		FC615513207C630A0078CCC9 /* Assets.xcassets in Resources */ = {isa = PBXBuildFile; fileRef = FC615512207C630A0078CCC9 /* Assets.xcassets */; };
		FC615516207C630A0078CCC9 /* LaunchScreen.storyboard in Resources */ = {isa = PBXBuildFile; fileRef = FC615514207C630A0078CCC9 /* LaunchScreen.storyboard */; };
		FC615519207C630A0078CCC9 /* main.m in Sources */ = {isa = PBXBuildFile; fileRef = FC615518207C630A0078CCC9 /* main.m */; };
		FC615521207C65E00078CCC9 /* PlayersViewController.m in Sources */ = {isa = PBXBuildFile; fileRef = FC615520207C65E00078CCC9 /* PlayersViewController.m */; };
		FC615524207C666D0078CCC9 /* Player.m in Sources */ = {isa = PBXBuildFile; fileRef = FC615523207C666D0078CCC9 /* Player.m */; };
		FC615527207C7BF30078CCC9 /* PlayerCell.m in Sources */ = {isa = PBXBuildFile; fileRef = FC615526207C7BF30078CCC9 /* PlayerCell.m */; };
/* End PBXBuildFile section */

/* Begin PBXFileReference section */
		FC615506207C63040078CCC9 /* storyboardTutorial.app */ = {isa = PBXFileReference; explicitFileType = wrapper.application; includeInIndex = 0; path = storyboardTutorial.app; sourceTree = BUILT_PRODUCTS_DIR; };
		FC615509207C63040078CCC9 /* AppDelegate.h */ = {isa = PBXFileReference; lastKnownFileType = sourcecode.c.h; path = AppDelegate.h; sourceTree = "<group>"; };
		FC61550A207C63040078CCC9 /* AppDelegate.m */ = {isa = PBXFileReference; lastKnownFileType = sourcecode.c.objc; path = AppDelegate.m; sourceTree = "<group>"; };
		FC615510207C63040078CCC9 /* Base */ = {isa = PBXFileReference; lastKnownFileType = file.storyboard; name = Base; path = Base.lproj/Main.storyboard; sourceTree = "<group>"; };
		FC615512207C630A0078CCC9 /* Assets.xcassets */ = {isa = PBXFileReference; lastKnownFileType = folder.assetcatalog; path = Assets.xcassets; sourceTree = "<group>"; };
		FC615515207C630A0078CCC9 /* Base */ = {isa = PBXFileReference; lastKnownFileType = file.storyboard; name = Base; path = Base.lproj/LaunchScreen.storyboard; sourceTree = "<group>"; };
		FC615517207C630A0078CCC9 /* Info.plist */ = {isa = PBXFileReference; lastKnownFileType = text.plist.xml; path = Info.plist; sourceTree = "<group>"; };
		FC615518207C630A0078CCC9 /* main.m */ = {isa = PBXFileReference; lastKnownFileType = sourcecode.c.objc; path = main.m; sourceTree = "<group>"; };
		FC61551F207C65E00078CCC9 /* PlayersViewController.h */ = {isa = PBXFileReference; lastKnownFileType = sourcecode.c.h; path = PlayersViewController.h; sourceTree = "<group>"; };
		FC615520207C65E00078CCC9 /* PlayersViewController.m */ = {isa = PBXFileReference; lastKnownFileType = sourcecode.c.objc; path = PlayersViewController.m; sourceTree = "<group>"; };
		FC615522207C666D0078CCC9 /* Player.h */ = {isa = PBXFileReference; lastKnownFileType = sourcecode.c.h; path = Player.h; sourceTree = "<group>"; };
		FC615523207C666D0078CCC9 /* Player.m */ = {isa = PBXFileReference; lastKnownFileType = sourcecode.c.objc; path = Player.m; sourceTree = "<group>"; };
		FC615525207C7BF30078CCC9 /* PlayerCell.h */ = {isa = PBXFileReference; lastKnownFileType = sourcecode.c.h; path = PlayerCell.h; sourceTree = "<group>"; };
		FC615526207C7BF30078CCC9 /* PlayerCell.m */ = {isa = PBXFileReference; lastKnownFileType = sourcecode.c.objc; path = PlayerCell.m; sourceTree = "<group>"; };
/* End PBXFileReference section */

/* Begin PBXFrameworksBuildPhase section */
		FC615503207C63040078CCC9 /* Frameworks */ = {
			isa = PBXFrameworksBuildPhase;
			buildActionMask = 2147483647;
			files = (
			);
			runOnlyForDeploymentPostprocessing = 0;
		};
/* End PBXFrameworksBuildPhase section */

/* Begin PBXGroup section */
		FC6154FD207C63040078CCC9 = {
			isa = PBXGroup;
			children = (
				FC615508207C63040078CCC9 /* storyboardTutorial */,
				FC615507207C63040078CCC9 /* Products */,
			);
			sourceTree = "<group>";
		};
		FC615507207C63040078CCC9 /* Products */ = {
			isa = PBXGroup;
			children = (
				FC615506207C63040078CCC9 /* storyboardTutorial.app */,
			);
			name = Products;
			sourceTree = "<group>";
		};
		FC615508207C63040078CCC9 /* storyboardTutorial */ = {
			isa = PBXGroup;
			children = (
				FC61552A207C7F4F0078CCC9 /* Controller */,
				FC615529207C7F470078CCC9 /* View */,
				FC615528207C7F400078CCC9 /* Model */,
				FC615509207C63040078CCC9 /* AppDelegate.h */,
				FC61550A207C63040078CCC9 /* AppDelegate.m */,
				FC61550F207C63040078CCC9 /* Main.storyboard */,
				FC615512207C630A0078CCC9 /* Assets.xcassets */,
				FC615514207C630A0078CCC9 /* LaunchScreen.storyboard */,
				FC615517207C630A0078CCC9 /* Info.plist */,
				FC615518207C630A0078CCC9 /* main.m */,
			);
			path = storyboardTutorial;
			sourceTree = "<group>";
		};
		FC615528207C7F400078CCC9 /* Model */ = {
			isa = PBXGroup;
			children = (
				FC615522207C666D0078CCC9 /* Player.h */,
				FC615523207C666D0078CCC9 /* Player.m */,
			);
			path = Model;
			sourceTree = "<group>";
		};
		FC615529207C7F470078CCC9 /* View */ = {
			isa = PBXGroup;
			children = (
				FC615525207C7BF30078CCC9 /* PlayerCell.h */,
				FC615526207C7BF30078CCC9 /* PlayerCell.m */,
			);
			path = View;
			sourceTree = "<group>";
		};
		FC61552A207C7F4F0078CCC9 /* Controller */ = {
			isa = PBXGroup;
			children = (
				FC61551F207C65E00078CCC9 /* PlayersViewController.h */,
				FC615520207C65E00078CCC9 /* PlayersViewController.m */,
			);
			path = Controller;
			sourceTree = "<group>";
		};
/* End PBXGroup section */

/* Begin PBXNativeTarget section */
		FC615505207C63040078CCC9 /* storyboardTutorial */ = {
			isa = PBXNativeTarget;
			buildConfigurationList = FC61551C207C630A0078CCC9 /* Build configuration list for PBXNativeTarget "storyboardTutorial" */;
			buildPhases = (
				FC615502207C63040078CCC9 /* Sources */,
				FC615503207C63040078CCC9 /* Frameworks */,
				FC615504207C63040078CCC9 /* Resources */,
			);
			buildRules = (
			);
			dependencies = (
			);
			name = storyboardTutorial;
			productName = storyboardTutorial;
			productReference = FC615506207C63040078CCC9 /* storyboardTutorial.app */;
			productType = "com.apple.product-type.application";
		};
/* End PBXNativeTarget section */

/* Begin PBXProject section */
		FC6154FE207C63040078CCC9 /* Project object */ = {
			isa = PBXProject;
			attributes = {
				LastUpgradeCheck = 0930;
				ORGANIZATIONNAME = "Samuel K";
				TargetAttributes = {
					FC615505207C63040078CCC9 = {
						CreatedOnToolsVersion = 9.3;
					};
				};
			};
			buildConfigurationList = FC615501207C63040078CCC9 /* Build configuration list for PBXProject "storyboardTutorial" */;
			compatibilityVersion = "Xcode 9.3";
			developmentRegion = en;
			hasScannedForEncodings = 0;
			knownRegions = (
				en,
				Base,
			);
			mainGroup = FC6154FD207C63040078CCC9;
			productRefGroup = FC615507207C63040078CCC9 /* Products */;
			projectDirPath = "";
			projectRoot = "";
			targets = (
				FC615505207C63040078CCC9 /* storyboardTutorial */,
			);
		};
/* End PBXProject section */

/* Begin PBXResourcesBuildPhase section */
		FC615504207C63040078CCC9 /* Resources */ = {
			isa = PBXResourcesBuildPhase;
			buildActionMask = 2147483647;
			files = (
				FC615516207C630A0078CCC9 /* LaunchScreen.storyboard in Resources */,
				FC615513207C630A0078CCC9 /* Assets.xcassets in Resources */,
				FC615511207C63040078CCC9 /* Main.storyboard in Resources */,
			);
			runOnlyForDeploymentPostprocessing = 0;
		};
/* End PBXResourcesBuildPhase section */

/* Begin PBXSourcesBuildPhase section */
		FC615502207C63040078CCC9 /* Sources */ = {
			isa = PBXSourcesBuildPhase;
			buildActionMask = 2147483647;
			files = (
				FC615524207C666D0078CCC9 /* Player.m in Sources */,
				FC615521207C65E00078CCC9 /* PlayersViewController.m in Sources */,
				FC615519207C630A0078CCC9 /* main.m in Sources */,
				FC615527207C7BF30078CCC9 /* PlayerCell.m in Sources */,
				FC61550B207C63040078CCC9 /* AppDelegate.m in Sources */,
			);
			runOnlyForDeploymentPostprocessing = 0;
		};
/* End PBXSourcesBuildPhase section */

/* Begin PBXVariantGroup section */
		FC61550F207C63040078CCC9 /* Main.storyboard */ = {
			isa = PBXVariantGroup;
			children = (
				FC615510207C63040078CCC9 /* Base */,
			);
			name = Main.storyboard;
			sourceTree = "<group>";
		};
		FC615514207C630A0078CCC9 /* LaunchScreen.storyboard */ = {
			isa = PBXVariantGroup;
			children = (
				FC615515207C630A0078CCC9 /* Base */,
			);
			name = LaunchScreen.storyboard;
			sourceTree = "<group>";
		};
/* End PBXVariantGroup section */

/* Begin XCBuildConfiguration section */
		FC61551A207C630A0078CCC9 /* Debug */ = {
			isa = XCBuildConfiguration;
			buildSettings = {
				ALWAYS_SEARCH_USER_PATHS = NO;
				CLANG_ANALYZER_NONNULL = YES;
				CLANG_ANALYZER_NUMBER_OBJECT_CONVERSION = YES_AGGRESSIVE;
				CLANG_CXX_LANGUAGE_STANDARD = "gnu++14";
				CLANG_CXX_LIBRARY = "libc++";
				CLANG_ENABLE_MODULES = YES;
				CLANG_ENABLE_OBJC_ARC = YES;
				CLANG_ENABLE_OBJC_WEAK = YES;
				CLANG_WARN_BLOCK_CAPTURE_AUTORELEASING = YES;
				CLANG_WARN_BOOL_CONVERSION = YES;
				CLANG_WARN_COMMA = YES;
				CLANG_WARN_CONSTANT_CONVERSION = YES;
				CLANG_WARN_DEPRECATED_OBJC_IMPLEMENTATIONS = YES;
				CLANG_WARN_DIRECT_OBJC_ISA_USAGE = YES_ERROR;
				CLANG_WARN_DOCUMENTATION_COMMENTS = YES;
				CLANG_WARN_EMPTY_BODY = YES;
				CLANG_WARN_ENUM_CONVERSION = YES;
				CLANG_WARN_INFINITE_RECURSION = YES;
				CLANG_WARN_INT_CONVERSION = YES;
				CLANG_WARN_NON_LITERAL_NULL_CONVERSION = YES;
				CLANG_WARN_OBJC_IMPLICIT_RETAIN_SELF = YES;
				CLANG_WARN_OBJC_LITERAL_CONVERSION = YES;
				CLANG_WARN_OBJC_ROOT_CLASS = YES_ERROR;
				CLANG_WARN_RANGE_LOOP_ANALYSIS = YES;
				CLANG_WARN_STRICT_PROTOTYPES = YES;
				CLANG_WARN_SUSPICIOUS_MOVE = YES;
				CLANG_WARN_UNGUARDED_AVAILABILITY = YES_AGGRESSIVE;
				CLANG_WARN_UNREACHABLE_CODE = YES;
				CLANG_WARN__DUPLICATE_METHOD_MATCH = YES;
				CODE_SIGN_IDENTITY = "iPhone Developer";
				COPY_PHASE_STRIP = NO;
				DEBUG_INFORMATION_FORMAT = dwarf;
				ENABLE_STRICT_OBJC_MSGSEND = YES;
				ENABLE_TESTABILITY = YES;
				GCC_C_LANGUAGE_STANDARD = gnu11;
				GCC_DYNAMIC_NO_PIC = NO;
				GCC_NO_COMMON_BLOCKS = YES;
				GCC_OPTIMIZATION_LEVEL = 0;
				GCC_PREPROCESSOR_DEFINITIONS = (
					"DEBUG=1",
					"$(inherited)",
				);
				GCC_WARN_64_TO_32_BIT_CONVERSION = YES;
				GCC_WARN_ABOUT_RETURN_TYPE = YES_ERROR;
				GCC_WARN_UNDECLARED_SELECTOR = YES;
				GCC_WARN_UNINITIALIZED_AUTOS = YES_AGGRESSIVE;
				GCC_WARN_UNUSED_FUNCTION = YES;
				GCC_WARN_UNUSED_VARIABLE = YES;
				IPHONEOS_DEPLOYMENT_TARGET = 11.3;
				MTL_ENABLE_DEBUG_INFO = YES;
				ONLY_ACTIVE_ARCH = YES;
				SDKROOT = iphoneos;
			};
			name = Debug;
		};
		FC61551B207C630A0078CCC9 /* Release */ = {
			isa = XCBuildConfiguration;
			buildSettings = {
				ALWAYS_SEARCH_USER_PATHS = NO;
				CLANG_ANALYZER_NONNULL = YES;
				CLANG_ANALYZER_NUMBER_OBJECT_CONVERSION = YES_AGGRESSIVE;
				CLANG_CXX_LANGUAGE_STANDARD = "gnu++14";
				CLANG_CXX_LIBRARY = "libc++";
				CLANG_ENABLE_MODULES = YES;
				CLANG_ENABLE_OBJC_ARC = YES;
				CLANG_ENABLE_OBJC_WEAK = YES;
				CLANG_WARN_BLOCK_CAPTURE_AUTORELEASING = YES;
				CLANG_WARN_BOOL_CONVERSION = YES;
				CLANG_WARN_COMMA = YES;
				CLANG_WARN_CONSTANT_CONVERSION = YES;
				CLANG_WARN_DEPRECATED_OBJC_IMPLEMENTATIONS = YES;
				CLANG_WARN_DIRECT_OBJC_ISA_USAGE = YES_ERROR;
				CLANG_WARN_DOCUMENTATION_COMMENTS = YES;
				CLANG_WARN_EMPTY_BODY = YES;
				CLANG_WARN_ENUM_CONVERSION = YES;
				CLANG_WARN_INFINITE_RECURSION = YES;
				CLANG_WARN_INT_CONVERSION = YES;
				CLANG_WARN_NON_LITERAL_NULL_CONVERSION = YES;
				CLANG_WARN_OBJC_IMPLICIT_RETAIN_SELF = YES;
				CLANG_WARN_OBJC_LITERAL_CONVERSION = YES;
				CLANG_WARN_OBJC_ROOT_CLASS = YES_ERROR;
				CLANG_WARN_RANGE_LOOP_ANALYSIS = YES;
				CLANG_WARN_STRICT_PROTOTYPES = YES;
				CLANG_WARN_SUSPICIOUS_MOVE = YES;
				CLANG_WARN_UNGUARDED_AVAILABILITY = YES_AGGRESSIVE;
				CLANG_WARN_UNREACHABLE_CODE = YES;
				CLANG_WARN__DUPLICATE_METHOD_MATCH = YES;
				CODE_SIGN_IDENTITY = "iPhone Developer";
				COPY_PHASE_STRIP = NO;
				DEBUG_INFORMATION_FORMAT = "dwarf-with-dsym";
				ENABLE_NS_ASSERTIONS = NO;
				ENABLE_STRICT_OBJC_MSGSEND = YES;
				GCC_C_LANGUAGE_STANDARD = gnu11;
				GCC_NO_COMMON_BLOCKS = YES;
				GCC_WARN_64_TO_32_BIT_CONVERSION = YES;
				GCC_WARN_ABOUT_RETURN_TYPE = YES_ERROR;
				GCC_WARN_UNDECLARED_SELECTOR = YES;
				GCC_WARN_UNINITIALIZED_AUTOS = YES_AGGRESSIVE;
				GCC_WARN_UNUSED_FUNCTION = YES;
				GCC_WARN_UNUSED_VARIABLE = YES;
				IPHONEOS_DEPLOYMENT_TARGET = 11.3;
				MTL_ENABLE_DEBUG_INFO = NO;
				SDKROOT = iphoneos;
				VALIDATE_PRODUCT = YES;
			};
			name = Release;
		};
		FC61551D207C630A0078CCC9 /* Debug */ = {
			isa = XCBuildConfiguration;
			buildSettings = {
				ASSETCATALOG_COMPILER_APPICON_NAME = AppIcon;
				CODE_SIGN_STYLE = Automatic;
				DEVELOPMENT_TEAM = 5RK46U626P;
				INFOPLIST_FILE = storyboardTutorial/Info.plist;
				LD_RUNPATH_SEARCH_PATHS = (
					"$(inherited)",
					"@executable_path/Frameworks",
				);
				PRODUCT_BUNDLE_IDENTIFIER = com.SamuelK.storyboardTutorial;
				PRODUCT_NAME = "$(TARGET_NAME)";
				TARGETED_DEVICE_FAMILY = "1,2";
			};
			name = Debug;
		};
		FC61551E207C630A0078CCC9 /* Release */ = {
			isa = XCBuildConfiguration;
			buildSettings = {
				ASSETCATALOG_COMPILER_APPICON_NAME = AppIcon;
				CODE_SIGN_STYLE = Automatic;
				DEVELOPMENT_TEAM = 5RK46U626P;
				INFOPLIST_FILE = storyboardTutorial/Info.plist;
				LD_RUNPATH_SEARCH_PATHS = (
					"$(inherited)",
					"@executable_path/Frameworks",
				);
				PRODUCT_BUNDLE_IDENTIFIER = com.SamuelK.storyboardTutorial;
				PRODUCT_NAME = "$(TARGET_NAME)";
				TARGETED_DEVICE_FAMILY = "1,2";
			};
			name = Release;
		};
/* End XCBuildConfiguration section */

/* Begin XCConfigurationList section */
		FC615501207C63040078CCC9 /* Build configuration list for PBXProject "storyboardTutorial" */ = {
			isa = XCConfigurationList;
			buildConfigurations = (
				FC61551A207C630A0078CCC9 /* Debug */,
				FC61551B207C630A0078CCC9 /* Release */,
			);
			defaultConfigurationIsVisible = 0;
			defaultConfigurationName = Release;
		};
		FC61551C207C630A0078CCC9 /* Build configuration list for PBXNativeTarget "storyboardTutorial" */ = {
			isa = XCConfigurationList;
			buildConfigurations = (
				FC61551D207C630A0078CCC9 /* Debug */,
				FC61551E207C630A0078CCC9 /* Release */,
			);
			defaultConfigurationIsVisible = 0;
			defaultConfigurationName = Release;
		};
/* End XCConfigurationList section */
	};
	rootObject = FC6154FE207C63040078CCC9 /* Project object */;
}
