// !$*UTF8*$!
{
	archiveVersion = 1;
	classes = {
	};
	objectVersion = 50;
	objects = {

/* Begin PBXBuildFile section */
		FCA4831320804F2200F34CDA /* AppDelegate.m in Sources */ = {isa = PBXBuildFile; fileRef = FCA4831220804F2200F34CDA /* AppDelegate.m */; };
		FCA4831620804F2200F34CDA /* ViewController.m in Sources */ = {isa = PBXBuildFile; fileRef = FCA4831520804F2200F34CDA /* ViewController.m */; };
		FCA4831920804F2200F34CDA /* Main.storyboard in Resources */ = {isa = PBXBuildFile; fileRef = FCA4831720804F2200F34CDA /* Main.storyboard */; };
		FCA4831B20804F2300F34CDA /* Assets.xcassets in Resources */ = {isa = PBXBuildFile; fileRef = FCA4831A20804F2300F34CDA /* Assets.xcassets */; };
		FCA4831E20804F2300F34CDA /* LaunchScreen.storyboard in Resources */ = {isa = PBXBuildFile; fileRef = FCA4831C20804F2300F34CDA /* LaunchScreen.storyboard */; };
		FCA4832120804F2300F34CDA /* main.m in Sources */ = {isa = PBXBuildFile; fileRef = FCA4832020804F2300F34CDA /* main.m */; };
		FCA4832820804F4600F34CDA /* PORKYS_.TTF in Resources */ = {isa = PBXBuildFile; fileRef = FCA4832720804F4600F34CDA /* PORKYS_.TTF */; };
/* End PBXBuildFile section */

/* Begin PBXFileReference section */
		FCA4830E20804F2200F34CDA /* TapMeFast.app */ = {isa = PBXFileReference; explicitFileType = wrapper.application; includeInIndex = 0; path = TapMeFast.app; sourceTree = BUILT_PRODUCTS_DIR; };
		FCA4831120804F2200F34CDA /* AppDelegate.h */ = {isa = PBXFileReference; lastKnownFileType = sourcecode.c.h; path = AppDelegate.h; sourceTree = "<group>"; };
		FCA4831220804F2200F34CDA /* AppDelegate.m */ = {isa = PBXFileReference; lastKnownFileType = sourcecode.c.objc; path = AppDelegate.m; sourceTree = "<group>"; };
		FCA4831420804F2200F34CDA /* ViewController.h */ = {isa = PBXFileReference; lastKnownFileType = sourcecode.c.h; path = ViewController.h; sourceTree = "<group>"; };
		FCA4831520804F2200F34CDA /* ViewController.m */ = {isa = PBXFileReference; lastKnownFileType = sourcecode.c.objc; path = ViewController.m; sourceTree = "<group>"; };
		FCA4831820804F2200F34CDA /* Base */ = {isa = PBXFileReference; lastKnownFileType = file.storyboard; name = Base; path = Base.lproj/Main.storyboard; sourceTree = "<group>"; };
		FCA4831A20804F2300F34CDA /* Assets.xcassets */ = {isa = PBXFileReference; lastKnownFileType = folder.assetcatalog; path = Assets.xcassets; sourceTree = "<group>"; };
		FCA4831D20804F2300F34CDA /* Base */ = {isa = PBXFileReference; lastKnownFileType = file.storyboard; name = Base; path = Base.lproj/LaunchScreen.storyboard; sourceTree = "<group>"; };
		FCA4831F20804F2300F34CDA /* Info.plist */ = {isa = PBXFileReference; lastKnownFileType = text.plist.xml; path = Info.plist; sourceTree = "<group>"; };
		FCA4832020804F2300F34CDA /* main.m */ = {isa = PBXFileReference; lastKnownFileType = sourcecode.c.objc; path = main.m; sourceTree = "<group>"; };
		FCA4832720804F4600F34CDA /* PORKYS_.TTF */ = {isa = PBXFileReference; lastKnownFileType = file; path = PORKYS_.TTF; sourceTree = "<group>"; };
/* End PBXFileReference section */

/* Begin PBXFrameworksBuildPhase section */
		FCA4830B20804F2200F34CDA /* Frameworks */ = {
			isa = PBXFrameworksBuildPhase;
			buildActionMask = 2147483647;
			files = (
			);
			runOnlyForDeploymentPostprocessing = 0;
		};
/* End PBXFrameworksBuildPhase section */

/* Begin PBXGroup section */
		FCA4830520804F2200F34CDA = {
			isa = PBXGroup;
			children = (
				FCA4831020804F2200F34CDA /* TapMeFast */,
				FCA4830F20804F2200F34CDA /* Products */,
			);
			sourceTree = "<group>";
		};
		FCA4830F20804F2200F34CDA /* Products */ = {
			isa = PBXGroup;
			children = (
				FCA4830E20804F2200F34CDA /* TapMeFast.app */,
			);
			name = Products;
			sourceTree = "<group>";
		};
		FCA4831020804F2200F34CDA /* TapMeFast */ = {
			isa = PBXGroup;
			children = (
				FCA4831120804F2200F34CDA /* AppDelegate.h */,
				FCA4831220804F2200F34CDA /* AppDelegate.m */,
				FCA4831420804F2200F34CDA /* ViewController.h */,
				FCA4831520804F2200F34CDA /* ViewController.m */,
				FCA4831720804F2200F34CDA /* Main.storyboard */,
				FCA4831A20804F2300F34CDA /* Assets.xcassets */,
				FCA4831C20804F2300F34CDA /* LaunchScreen.storyboard */,
				FCA4831F20804F2300F34CDA /* Info.plist */,
				FCA4832720804F4600F34CDA /* PORKYS_.TTF */,
				FCA4832020804F2300F34CDA /* main.m */,
			);
			path = TapMeFast;
			sourceTree = "<group>";
		};
/* End PBXGroup section */

/* Begin PBXNativeTarget section */
		FCA4830D20804F2200F34CDA /* TapMeFast */ = {
			isa = PBXNativeTarget;
			buildConfigurationList = FCA4832420804F2300F34CDA /* Build configuration list for PBXNativeTarget "TapMeFast" */;
			buildPhases = (
				FCA4830A20804F2200F34CDA /* Sources */,
				FCA4830B20804F2200F34CDA /* Frameworks */,
				FCA4830C20804F2200F34CDA /* Resources */,
			);
			buildRules = (
			);
			dependencies = (
			);
			name = TapMeFast;
			productName = TapMeFast;
			productReference = FCA4830E20804F2200F34CDA /* TapMeFast.app */;
			productType = "com.apple.product-type.application";
		};
/* End PBXNativeTarget section */

/* Begin PBXProject section */
		FCA4830620804F2200F34CDA /* Project object */ = {
			isa = PBXProject;
			attributes = {
				LastUpgradeCheck = 0930;
				ORGANIZATIONNAME = "Samuel K";
				TargetAttributes = {
					FCA4830D20804F2200F34CDA = {
						CreatedOnToolsVersion = 9.3;
					};
				};
			};
			buildConfigurationList = FCA4830920804F2200F34CDA /* Build configuration list for PBXProject "TapMeFast" */;
			compatibilityVersion = "Xcode 9.3";
			developmentRegion = en;
			hasScannedForEncodings = 0;
			knownRegions = (
				en,
				Base,
			);
			mainGroup = FCA4830520804F2200F34CDA;
			productRefGroup = FCA4830F20804F2200F34CDA /* Products */;
			projectDirPath = "";
			projectRoot = "";
			targets = (
				FCA4830D20804F2200F34CDA /* TapMeFast */,
			);
		};
/* End PBXProject section */

/* Begin PBXResourcesBuildPhase section */
		FCA4830C20804F2200F34CDA /* Resources */ = {
			isa = PBXResourcesBuildPhase;
			buildActionMask = 2147483647;
			files = (
				FCA4831E20804F2300F34CDA /* LaunchScreen.storyboard in Resources */,
				FCA4831B20804F2300F34CDA /* Assets.xcassets in Resources */,
				FCA4832820804F4600F34CDA /* PORKYS_.TTF in Resources */,
				FCA4831920804F2200F34CDA /* Main.storyboard in Resources */,
			);
			runOnlyForDeploymentPostprocessing = 0;
		};
/* End PBXResourcesBuildPhase section */

/* Begin PBXSourcesBuildPhase section */
		FCA4830A20804F2200F34CDA /* Sources */ = {
			isa = PBXSourcesBuildPhase;
			buildActionMask = 2147483647;
			files = (
				FCA4831620804F2200F34CDA /* ViewController.m in Sources */,
				FCA4832120804F2300F34CDA /* main.m in Sources */,
				FCA4831320804F2200F34CDA /* AppDelegate.m in Sources */,
			);
			runOnlyForDeploymentPostprocessing = 0;
		};
/* End PBXSourcesBuildPhase section */

/* Begin PBXVariantGroup section */
		FCA4831720804F2200F34CDA /* Main.storyboard */ = {
			isa = PBXVariantGroup;
			children = (
				FCA4831820804F2200F34CDA /* Base */,
			);
			name = Main.storyboard;
			sourceTree = "<group>";
		};
		FCA4831C20804F2300F34CDA /* LaunchScreen.storyboard */ = {
			isa = PBXVariantGroup;
			children = (
				FCA4831D20804F2300F34CDA /* Base */,
			);
			name = LaunchScreen.storyboard;
			sourceTree = "<group>";
		};
/* End PBXVariantGroup section */

/* Begin XCBuildConfiguration section */
		FCA4832220804F2300F34CDA /* Debug */ = {
			isa = XCBuildConfiguration;
			buildSettings = {
				ALWAYS_SEARCH_USER_PATHS = NO;
				CLANG_ANALYZER_NONNULL = YES;
				CLANG_ANALYZER_NUMBER_OBJECT_CONVERSION = YES_AGGRESSIVE;
				CLANG_CXX_LANGUAGE_STANDARD = "gnu++14";
				CLANG_CXX_LIBRARY = "libc++";
				CLANG_ENABLE_MODULES = YES;
				CLANG_ENABLE_OBJC_ARC = YES;
				CLANG_ENABLE_OBJC_WEAK = YES;
				CLANG_WARN_BLOCK_CAPTURE_AUTORELEASING = YES;
				CLANG_WARN_BOOL_CONVERSION = YES;
				CLANG_WARN_COMMA = YES;
				CLANG_WARN_CONSTANT_CONVERSION = YES;
				CLANG_WARN_DEPRECATED_OBJC_IMPLEMENTATIONS = YES;
				CLANG_WARN_DIRECT_OBJC_ISA_USAGE = YES_ERROR;
				CLANG_WARN_DOCUMENTATION_COMMENTS = YES;
				CLANG_WARN_EMPTY_BODY = YES;
				CLANG_WARN_ENUM_CONVERSION = YES;
				CLANG_WARN_INFINITE_RECURSION = YES;
				CLANG_WARN_INT_CONVERSION = YES;
				CLANG_WARN_NON_LITERAL_NULL_CONVERSION = YES;
				CLANG_WARN_OBJC_IMPLICIT_RETAIN_SELF = YES;
				CLANG_WARN_OBJC_LITERAL_CONVERSION = YES;
				CLANG_WARN_OBJC_ROOT_CLASS = YES_ERROR;
				CLANG_WARN_RANGE_LOOP_ANALYSIS = YES;
				CLANG_WARN_STRICT_PROTOTYPES = YES;
				CLANG_WARN_SUSPICIOUS_MOVE = YES;
				CLANG_WARN_UNGUARDED_AVAILABILITY = YES_AGGRESSIVE;
				CLANG_WARN_UNREACHABLE_CODE = YES;
				CLANG_WARN__DUPLICATE_METHOD_MATCH = YES;
				CODE_SIGN_IDENTITY = "iPhone Developer";
				COPY_PHASE_STRIP = NO;
				DEBUG_INFORMATION_FORMAT = dwarf;
				ENABLE_STRICT_OBJC_MSGSEND = YES;
				ENABLE_TESTABILITY = YES;
				GCC_C_LANGUAGE_STANDARD = gnu11;
				GCC_DYNAMIC_NO_PIC = NO;
				GCC_NO_COMMON_BLOCKS = YES;
				GCC_OPTIMIZATION_LEVEL = 0;
				GCC_PREPROCESSOR_DEFINITIONS = (
					"DEBUG=1",
					"$(inherited)",
				);
				GCC_WARN_64_TO_32_BIT_CONVERSION = YES;
				GCC_WARN_ABOUT_RETURN_TYPE = YES_ERROR;
				GCC_WARN_UNDECLARED_SELECTOR = YES;
				GCC_WARN_UNINITIALIZED_AUTOS = YES_AGGRESSIVE;
				GCC_WARN_UNUSED_FUNCTION = YES;
				GCC_WARN_UNUSED_VARIABLE = YES;
				IPHONEOS_DEPLOYMENT_TARGET = 11.3;
				MTL_ENABLE_DEBUG_INFO = YES;
				ONLY_ACTIVE_ARCH = YES;
				SDKROOT = iphoneos;
			};
			name = Debug;
		};
		FCA4832320804F2300F34CDA /* Release */ = {
			isa = XCBuildConfiguration;
			buildSettings = {
				ALWAYS_SEARCH_USER_PATHS = NO;
				CLANG_ANALYZER_NONNULL = YES;
				CLANG_ANALYZER_NUMBER_OBJECT_CONVERSION = YES_AGGRESSIVE;
				CLANG_CXX_LANGUAGE_STANDARD = "gnu++14";
				CLANG_CXX_LIBRARY = "libc++";
				CLANG_ENABLE_MODULES = YES;
				CLANG_ENABLE_OBJC_ARC = YES;
				CLANG_ENABLE_OBJC_WEAK = YES;
				CLANG_WARN_BLOCK_CAPTURE_AUTORELEASING = YES;
				CLANG_WARN_BOOL_CONVERSION = YES;
				CLANG_WARN_COMMA = YES;
				CLANG_WARN_CONSTANT_CONVERSION = YES;
				CLANG_WARN_DEPRECATED_OBJC_IMPLEMENTATIONS = YES;
				CLANG_WARN_DIRECT_OBJC_ISA_USAGE = YES_ERROR;
				CLANG_WARN_DOCUMENTATION_COMMENTS = YES;
				CLANG_WARN_EMPTY_BODY = YES;
				CLANG_WARN_ENUM_CONVERSION = YES;
				CLANG_WARN_INFINITE_RECURSION = YES;
				CLANG_WARN_INT_CONVERSION = YES;
				CLANG_WARN_NON_LITERAL_NULL_CONVERSION = YES;
				CLANG_WARN_OBJC_IMPLICIT_RETAIN_SELF = YES;
				CLANG_WARN_OBJC_LITERAL_CONVERSION = YES;
				CLANG_WARN_OBJC_ROOT_CLASS = YES_ERROR;
				CLANG_WARN_RANGE_LOOP_ANALYSIS = YES;
				CLANG_WARN_STRICT_PROTOTYPES = YES;
				CLANG_WARN_SUSPICIOUS_MOVE = YES;
				CLANG_WARN_UNGUARDED_AVAILABILITY = YES_AGGRESSIVE;
				CLANG_WARN_UNREACHABLE_CODE = YES;
				CLANG_WARN__DUPLICATE_METHOD_MATCH = YES;
				CODE_SIGN_IDENTITY = "iPhone Developer";
				COPY_PHASE_STRIP = NO;
				DEBUG_INFORMATION_FORMAT = "dwarf-with-dsym";
				ENABLE_NS_ASSERTIONS = NO;
				ENABLE_STRICT_OBJC_MSGSEND = YES;
				GCC_C_LANGUAGE_STANDARD = gnu11;
				GCC_NO_COMMON_BLOCKS = YES;
				GCC_WARN_64_TO_32_BIT_CONVERSION = YES;
				GCC_WARN_ABOUT_RETURN_TYPE = YES_ERROR;
				GCC_WARN_UNDECLARED_SELECTOR = YES;
				GCC_WARN_UNINITIALIZED_AUTOS = YES_AGGRESSIVE;
				GCC_WARN_UNUSED_FUNCTION = YES;
				GCC_WARN_UNUSED_VARIABLE = YES;
				IPHONEOS_DEPLOYMENT_TARGET = 11.3;
				MTL_ENABLE_DEBUG_INFO = NO;
				SDKROOT = iphoneos;
				VALIDATE_PRODUCT = YES;
			};
			name = Release;
		};
		FCA4832520804F2300F34CDA /* Debug */ = {
			isa = XCBuildConfiguration;
			buildSettings = {
				ASSETCATALOG_COMPILER_APPICON_NAME = AppIcon;
				CODE_SIGN_STYLE = Automatic;
				DEVELOPMENT_TEAM = G4MM77V7NH;
				INFOPLIST_FILE = TapMeFast/Info.plist;
				LD_RUNPATH_SEARCH_PATHS = (
					"$(inherited)",
					"@executable_path/Frameworks",
				);
				PRODUCT_BUNDLE_IDENTIFIER = com.SamuelK.TapMeFast;
				PRODUCT_NAME = "$(TARGET_NAME)";
				TARGETED_DEVICE_FAMILY = "1,2";
			};
			name = Debug;
		};
		FCA4832620804F2300F34CDA /* Release */ = {
			isa = XCBuildConfiguration;
			buildSettings = {
				ASSETCATALOG_COMPILER_APPICON_NAME = AppIcon;
				CODE_SIGN_STYLE = Automatic;
				DEVELOPMENT_TEAM = G4MM77V7NH;
				INFOPLIST_FILE = TapMeFast/Info.plist;
				LD_RUNPATH_SEARCH_PATHS = (
					"$(inherited)",
					"@executable_path/Frameworks",
				);
				PRODUCT_BUNDLE_IDENTIFIER = com.SamuelK.TapMeFast;
				PRODUCT_NAME = "$(TARGET_NAME)";
				TARGETED_DEVICE_FAMILY = "1,2";
			};
			name = Release;
		};
/* End XCBuildConfiguration section */

/* Begin XCConfigurationList section */
		FCA4830920804F2200F34CDA /* Build configuration list for PBXProject "TapMeFast" */ = {
			isa = XCConfigurationList;
			buildConfigurations = (
				FCA4832220804F2300F34CDA /* Debug */,
				FCA4832320804F2300F34CDA /* Release */,
			);
			defaultConfigurationIsVisible = 0;
			defaultConfigurationName = Release;
		};
		FCA4832420804F2300F34CDA /* Build configuration list for PBXNativeTarget "TapMeFast" */ = {
			isa = XCConfigurationList;
			buildConfigurations = (
				FCA4832520804F2300F34CDA /* Debug */,
				FCA4832620804F2300F34CDA /* Release */,
			);
			defaultConfigurationIsVisible = 0;
			defaultConfigurationName = Release;
		};
/* End XCConfigurationList section */
	};
	rootObject = FCA4830620804F2200F34CDA /* Project object */;
}
