PODS:
  - Mantle (2.1.0):
    - Mantle/extobjc (= 2.1.0)
  - Mantle/extobjc (2.1.0)

DEPENDENCIES:
  - Mantle (~> 2.1)

SPEC REPOS:
  https://github.com/CocoaPods/Specs.git:
    - Mantle

SPEC CHECKSUMS:
  Mantle: 2fa750afa478cd625a94230fbf1c13462f29395b

PODFILE CHECKSUM: fff3bdc1cc379346fc67a3b08344014f5e00fcf9

COCOAPODS: 1.5.0
