PODS:
  - AFNetworking (3.2.0):
    - AFNetworking/NSURLSession (= 3.2.0)
    - AFNetworking/Reachability (= 3.2.0)
    - AFNetworking/Security (= 3.2.0)
    - AFNetworking/Serialization (= 3.2.0)
    - AFNetworking/UIKit (= 3.2.0)
  - AFNetworking/NSURLSession (3.2.0):
    - AFNetworking/Reachability
    - AFNetworking/Security
    - AFNetworking/Serialization
  - AFNetworking/Reachability (3.2.0)
  - AFNetworking/Security (3.2.0)
  - AFNetworking/Serialization (3.2.0)
  - AFNetworking/UIKit (3.2.0):
    - AFNetworking/NSURLSession
  - JSONModel (1.7.0)
  - Realm (3.4.0):
    - Realm/Headers (= 3.4.0)
  - Realm/Headers (3.4.0)
  - SDWebImage (4.3.3):
    - SDWebImage/Core (= 4.3.3)
  - SDWebImage/Core (4.3.3)

DEPENDENCIES:
  - AFNetworking (~> 3.0)
  - JSONModel
  - Realm
  - Realm/Headers
  - SDWebImage

SPEC REPOS:
  https://github.com/CocoaPods/Specs.git:
    - AFNetworking
    - JSONModel
    - Realm
    - SDWebImage

SPEC CHECKSUMS:
  AFNetworking: 8ac6017b94ea105479f7776e5288e48ae9c59bb4
  JSONModel: 840bc0fcffb24b8454d2c026bf26fea454b8e98d
  Realm: 9527c7baa2260f3a3aad6823d2d71cafff9b046b
  SDWebImage: de4d90b5bff3571eae7bd16202b1f43135409fa5

PODFILE CHECKSUM: 8b589aa1b1e9a463c586d4a3407a0cb778ed5ab8

COCOAPODS: 1.5.0
