// !$*UTF8*$!
{
	archiveVersion = 1;
	classes = {
	};
	objectVersion = 50;
	objects = {

/* Begin PBXBuildFile section */
		FCD37CE820809A240049C318 /* AppDelegate.m in Sources */ = {isa = PBXBuildFile; fileRef = FCD37CE720809A240049C318 /* AppDelegate.m */; };
		FCD37CEB20809A240049C318 /* ViewController.m in Sources */ = {isa = PBXBuildFile; fileRef = FCD37CEA20809A240049C318 /* ViewController.m */; };
		FCD37CEE20809A240049C318 /* Main.storyboard in Resources */ = {isa = PBXBuildFile; fileRef = FCD37CEC20809A240049C318 /* Main.storyboard */; };
		FCD37CF020809A250049C318 /* Assets.xcassets in Resources */ = {isa = PBXBuildFile; fileRef = FCD37CEF20809A250049C318 /* Assets.xcassets */; };
		FCD37CF320809A250049C318 /* LaunchScreen.storyboard in Resources */ = {isa = PBXBuildFile; fileRef = FCD37CF120809A250049C318 /* LaunchScreen.storyboard */; };
		FCD37CF620809A250049C318 /* main.m in Sources */ = {isa = PBXBuildFile; fileRef = FCD37CF520809A250049C318 /* main.m */; };
		FCD37CFD20809A650049C318 /* digital-7.ttf in Resources */ = {isa = PBXBuildFile; fileRef = FCD37CFC20809A650049C318 /* digital-7.ttf */; };
/* End PBXBuildFile section */

/* Begin PBXFileReference section */
		FCD37CE320809A240049C318 /* DigitalClock.app */ = {isa = PBXFileReference; explicitFileType = wrapper.application; includeInIndex = 0; path = DigitalClock.app; sourceTree = BUILT_PRODUCTS_DIR; };
		FCD37CE620809A240049C318 /* AppDelegate.h */ = {isa = PBXFileReference; lastKnownFileType = sourcecode.c.h; path = AppDelegate.h; sourceTree = "<group>"; };
		FCD37CE720809A240049C318 /* AppDelegate.m */ = {isa = PBXFileReference; lastKnownFileType = sourcecode.c.objc; path = AppDelegate.m; sourceTree = "<group>"; };
		FCD37CE920809A240049C318 /* ViewController.h */ = {isa = PBXFileReference; lastKnownFileType = sourcecode.c.h; path = ViewController.h; sourceTree = "<group>"; };
		FCD37CEA20809A240049C318 /* ViewController.m */ = {isa = PBXFileReference; lastKnownFileType = sourcecode.c.objc; path = ViewController.m; sourceTree = "<group>"; };
		FCD37CED20809A240049C318 /* Base */ = {isa = PBXFileReference; lastKnownFileType = file.storyboard; name = Base; path = Base.lproj/Main.storyboard; sourceTree = "<group>"; };
		FCD37CEF20809A250049C318 /* Assets.xcassets */ = {isa = PBXFileReference; lastKnownFileType = folder.assetcatalog; path = Assets.xcassets; sourceTree = "<group>"; };
		FCD37CF220809A250049C318 /* Base */ = {isa = PBXFileReference; lastKnownFileType = file.storyboard; name = Base; path = Base.lproj/LaunchScreen.storyboard; sourceTree = "<group>"; };
		FCD37CF420809A250049C318 /* Info.plist */ = {isa = PBXFileReference; lastKnownFileType = text.plist.xml; path = Info.plist; sourceTree = "<group>"; };
		FCD37CF520809A250049C318 /* main.m */ = {isa = PBXFileReference; lastKnownFileType = sourcecode.c.objc; path = main.m; sourceTree = "<group>"; };
		FCD37CFC20809A650049C318 /* digital-7.ttf */ = {isa = PBXFileReference; lastKnownFileType = file; path = "digital-7.ttf"; sourceTree = "<group>"; };
/* End PBXFileReference section */

/* Begin PBXFrameworksBuildPhase section */
		FCD37CE020809A240049C318 /* Frameworks */ = {
			isa = PBXFrameworksBuildPhase;
			buildActionMask = 2147483647;
			files = (
			);
			runOnlyForDeploymentPostprocessing = 0;
		};
/* End PBXFrameworksBuildPhase section */

/* Begin PBXGroup section */
		FCD37CDA20809A230049C318 = {
			isa = PBXGroup;
			children = (
				FCD37CE520809A240049C318 /* DigitalClock */,
				FCD37CE420809A240049C318 /* Products */,
			);
			sourceTree = "<group>";
		};
		FCD37CE420809A240049C318 /* Products */ = {
			isa = PBXGroup;
			children = (
				FCD37CE320809A240049C318 /* DigitalClock.app */,
			);
			name = Products;
			sourceTree = "<group>";
		};
		FCD37CE520809A240049C318 /* DigitalClock */ = {
			isa = PBXGroup;
			children = (
				FCD37CE620809A240049C318 /* AppDelegate.h */,
				FCD37CE720809A240049C318 /* AppDelegate.m */,
				FCD37CE920809A240049C318 /* ViewController.h */,
				FCD37CEA20809A240049C318 /* ViewController.m */,
				FCD37CEC20809A240049C318 /* Main.storyboard */,
				FCD37CEF20809A250049C318 /* Assets.xcassets */,
				FCD37CF120809A250049C318 /* LaunchScreen.storyboard */,
				FCD37CF420809A250049C318 /* Info.plist */,
				FCD37CFC20809A650049C318 /* digital-7.ttf */,
				FCD37CF520809A250049C318 /* main.m */,
			);
			path = DigitalClock;
			sourceTree = "<group>";
		};
/* End PBXGroup section */

/* Begin PBXNativeTarget section */
		FCD37CE220809A240049C318 /* DigitalClock */ = {
			isa = PBXNativeTarget;
			buildConfigurationList = FCD37CF920809A250049C318 /* Build configuration list for PBXNativeTarget "DigitalClock" */;
			buildPhases = (
				FCD37CDF20809A240049C318 /* Sources */,
				FCD37CE020809A240049C318 /* Frameworks */,
				FCD37CE120809A240049C318 /* Resources */,
			);
			buildRules = (
			);
			dependencies = (
			);
			name = DigitalClock;
			productName = DigitalClock;
			productReference = FCD37CE320809A240049C318 /* DigitalClock.app */;
			productType = "com.apple.product-type.application";
		};
/* End PBXNativeTarget section */

/* Begin PBXProject section */
		FCD37CDB20809A230049C318 /* Project object */ = {
			isa = PBXProject;
			attributes = {
				LastUpgradeCheck = 0930;
				ORGANIZATIONNAME = "Samuel K";
				TargetAttributes = {
					FCD37CE220809A240049C318 = {
						CreatedOnToolsVersion = 9.3;
					};
				};
			};
			buildConfigurationList = FCD37CDE20809A230049C318 /* Build configuration list for PBXProject "DigitalClock" */;
			compatibilityVersion = "Xcode 9.3";
			developmentRegion = en;
			hasScannedForEncodings = 0;
			knownRegions = (
				en,
				Base,
			);
			mainGroup = FCD37CDA20809A230049C318;
			productRefGroup = FCD37CE420809A240049C318 /* Products */;
			projectDirPath = "";
			projectRoot = "";
			targets = (
				FCD37CE220809A240049C318 /* DigitalClock */,
			);
		};
/* End PBXProject section */

/* Begin PBXResourcesBuildPhase section */
		FCD37CE120809A240049C318 /* Resources */ = {
			isa = PBXResourcesBuildPhase;
			buildActionMask = 2147483647;
			files = (
				FCD37CF320809A250049C318 /* LaunchScreen.storyboard in Resources */,
				FCD37CF020809A250049C318 /* Assets.xcassets in Resources */,
				FCD37CEE20809A240049C318 /* Main.storyboard in Resources */,
				FCD37CFD20809A650049C318 /* digital-7.ttf in Resources */,
			);
			runOnlyForDeploymentPostprocessing = 0;
		};
/* End PBXResourcesBuildPhase section */

/* Begin PBXSourcesBuildPhase section */
		FCD37CDF20809A240049C318 /* Sources */ = {
			isa = PBXSourcesBuildPhase;
			buildActionMask = 2147483647;
			files = (
				FCD37CEB20809A240049C318 /* ViewController.m in Sources */,
				FCD37CF620809A250049C318 /* main.m in Sources */,
				FCD37CE820809A240049C318 /* AppDelegate.m in Sources */,
			);
			runOnlyForDeploymentPostprocessing = 0;
		};
/* End PBXSourcesBuildPhase section */

/* Begin PBXVariantGroup section */
		FCD37CEC20809A240049C318 /* Main.storyboard */ = {
			isa = PBXVariantGroup;
			children = (
				FCD37CED20809A240049C318 /* Base */,
			);
			name = Main.storyboard;
			sourceTree = "<group>";
		};
		FCD37CF120809A250049C318 /* LaunchScreen.storyboard */ = {
			isa = PBXVariantGroup;
			children = (
				FCD37CF220809A250049C318 /* Base */,
			);
			name = LaunchScreen.storyboard;
			sourceTree = "<group>";
		};
/* End PBXVariantGroup section */

/* Begin XCBuildConfiguration section */
		FCD37CF720809A250049C318 /* Debug */ = {
			isa = XCBuildConfiguration;
			buildSettings = {
				ALWAYS_SEARCH_USER_PATHS = NO;
				CLANG_ANALYZER_NONNULL = YES;
				CLANG_ANALYZER_NUMBER_OBJECT_CONVERSION = YES_AGGRESSIVE;
				CLANG_CXX_LANGUAGE_STANDARD = "gnu++14";
				CLANG_CXX_LIBRARY = "libc++";
				CLANG_ENABLE_MODULES = YES;
				CLANG_ENABLE_OBJC_ARC = YES;
				CLANG_ENABLE_OBJC_WEAK = YES;
				CLANG_WARN_BLOCK_CAPTURE_AUTORELEASING = YES;
				CLANG_WARN_BOOL_CONVERSION = YES;
				CLANG_WARN_COMMA = YES;
				CLANG_WARN_CONSTANT_CONVERSION = YES;
				CLANG_WARN_DEPRECATED_OBJC_IMPLEMENTATIONS = YES;
				CLANG_WARN_DIRECT_OBJC_ISA_USAGE = YES_ERROR;
				CLANG_WARN_DOCUMENTATION_COMMENTS = YES;
				CLANG_WARN_EMPTY_BODY = YES;
				CLANG_WARN_ENUM_CONVERSION = YES;
				CLANG_WARN_INFINITE_RECURSION = YES;
				CLANG_WARN_INT_CONVERSION = YES;
				CLANG_WARN_NON_LITERAL_NULL_CONVERSION = YES;
				CLANG_WARN_OBJC_IMPLICIT_RETAIN_SELF = YES;
				CLANG_WARN_OBJC_LITERAL_CONVERSION = YES;
				CLANG_WARN_OBJC_ROOT_CLASS = YES_ERROR;
				CLANG_WARN_RANGE_LOOP_ANALYSIS = YES;
				CLANG_WARN_STRICT_PROTOTYPES = YES;
				CLANG_WARN_SUSPICIOUS_MOVE = YES;
				CLANG_WARN_UNGUARDED_AVAILABILITY = YES_AGGRESSIVE;
				CLANG_WARN_UNREACHABLE_CODE = YES;
				CLANG_WARN__DUPLICATE_METHOD_MATCH = YES;
				CODE_SIGN_IDENTITY = "iPhone Developer";
				COPY_PHASE_STRIP = NO;
				DEBUG_INFORMATION_FORMAT = dwarf;
				ENABLE_STRICT_OBJC_MSGSEND = YES;
				ENABLE_TESTABILITY = YES;
				GCC_C_LANGUAGE_STANDARD = gnu11;
				GCC_DYNAMIC_NO_PIC = NO;
				GCC_NO_COMMON_BLOCKS = YES;
				GCC_OPTIMIZATION_LEVEL = 0;
				GCC_PREPROCESSOR_DEFINITIONS = (
					"DEBUG=1",
					"$(inherited)",
				);
				GCC_WARN_64_TO_32_BIT_CONVERSION = YES;
				GCC_WARN_ABOUT_RETURN_TYPE = YES_ERROR;
				GCC_WARN_UNDECLARED_SELECTOR = YES;
				GCC_WARN_UNINITIALIZED_AUTOS = YES_AGGRESSIVE;
				GCC_WARN_UNUSED_FUNCTION = YES;
				GCC_WARN_UNUSED_VARIABLE = YES;
				IPHONEOS_DEPLOYMENT_TARGET = 11.3;
				MTL_ENABLE_DEBUG_INFO = YES;
				ONLY_ACTIVE_ARCH = YES;
				SDKROOT = iphoneos;
			};
			name = Debug;
		};
		FCD37CF820809A250049C318 /* Release */ = {
			isa = XCBuildConfiguration;
			buildSettings = {
				ALWAYS_SEARCH_USER_PATHS = NO;
				CLANG_ANALYZER_NONNULL = YES;
				CLANG_ANALYZER_NUMBER_OBJECT_CONVERSION = YES_AGGRESSIVE;
				CLANG_CXX_LANGUAGE_STANDARD = "gnu++14";
				CLANG_CXX_LIBRARY = "libc++";
				CLANG_ENABLE_MODULES = YES;
				CLANG_ENABLE_OBJC_ARC = YES;
				CLANG_ENABLE_OBJC_WEAK = YES;
				CLANG_WARN_BLOCK_CAPTURE_AUTORELEASING = YES;
				CLANG_WARN_BOOL_CONVERSION = YES;
				CLANG_WARN_COMMA = YES;
				CLANG_WARN_CONSTANT_CONVERSION = YES;
				CLANG_WARN_DEPRECATED_OBJC_IMPLEMENTATIONS = YES;
				CLANG_WARN_DIRECT_OBJC_ISA_USAGE = YES_ERROR;
				CLANG_WARN_DOCUMENTATION_COMMENTS = YES;
				CLANG_WARN_EMPTY_BODY = YES;
				CLANG_WARN_ENUM_CONVERSION = YES;
				CLANG_WARN_INFINITE_RECURSION = YES;
				CLANG_WARN_INT_CONVERSION = YES;
				CLANG_WARN_NON_LITERAL_NULL_CONVERSION = YES;
				CLANG_WARN_OBJC_IMPLICIT_RETAIN_SELF = YES;
				CLANG_WARN_OBJC_LITERAL_CONVERSION = YES;
				CLANG_WARN_OBJC_ROOT_CLASS = YES_ERROR;
				CLANG_WARN_RANGE_LOOP_ANALYSIS = YES;
				CLANG_WARN_STRICT_PROTOTYPES = YES;
				CLANG_WARN_SUSPICIOUS_MOVE = YES;
				CLANG_WARN_UNGUARDED_AVAILABILITY = YES_AGGRESSIVE;
				CLANG_WARN_UNREACHABLE_CODE = YES;
				CLANG_WARN__DUPLICATE_METHOD_MATCH = YES;
				CODE_SIGN_IDENTITY = "iPhone Developer";
				COPY_PHASE_STRIP = NO;
				DEBUG_INFORMATION_FORMAT = "dwarf-with-dsym";
				ENABLE_NS_ASSERTIONS = NO;
				ENABLE_STRICT_OBJC_MSGSEND = YES;
				GCC_C_LANGUAGE_STANDARD = gnu11;
				GCC_NO_COMMON_BLOCKS = YES;
				GCC_WARN_64_TO_32_BIT_CONVERSION = YES;
				GCC_WARN_ABOUT_RETURN_TYPE = YES_ERROR;
				GCC_WARN_UNDECLARED_SELECTOR = YES;
				GCC_WARN_UNINITIALIZED_AUTOS = YES_AGGRESSIVE;
				GCC_WARN_UNUSED_FUNCTION = YES;
				GCC_WARN_UNUSED_VARIABLE = YES;
				IPHONEOS_DEPLOYMENT_TARGET = 11.3;
				MTL_ENABLE_DEBUG_INFO = NO;
				SDKROOT = iphoneos;
				VALIDATE_PRODUCT = YES;
			};
			name = Release;
		};
		FCD37CFA20809A250049C318 /* Debug */ = {
			isa = XCBuildConfiguration;
			buildSettings = {
				ASSETCATALOG_COMPILER_APPICON_NAME = AppIcon;
				CODE_SIGN_STYLE = Automatic;
				DEVELOPMENT_TEAM = G4MM77V7NH;
				INFOPLIST_FILE = DigitalClock/Info.plist;
				LD_RUNPATH_SEARCH_PATHS = (
					"$(inherited)",
					"@executable_path/Frameworks",
				);
				PRODUCT_BUNDLE_IDENTIFIER = com.SamuelK.DigitalClock;
				PRODUCT_NAME = "$(TARGET_NAME)";
				TARGETED_DEVICE_FAMILY = "1,2";
			};
			name = Debug;
		};
		FCD37CFB20809A250049C318 /* Release */ = {
			isa = XCBuildConfiguration;
			buildSettings = {
				ASSETCATALOG_COMPILER_APPICON_NAME = AppIcon;
				CODE_SIGN_STYLE = Automatic;
				DEVELOPMENT_TEAM = G4MM77V7NH;
				INFOPLIST_FILE = DigitalClock/Info.plist;
				LD_RUNPATH_SEARCH_PATHS = (
					"$(inherited)",
					"@executable_path/Frameworks",
				);
				PRODUCT_BUNDLE_IDENTIFIER = com.SamuelK.DigitalClock;
				PRODUCT_NAME = "$(TARGET_NAME)";
				TARGETED_DEVICE_FAMILY = "1,2";
			};
			name = Release;
		};
/* End XCBuildConfiguration section */

/* Begin XCConfigurationList section */
		FCD37CDE20809A230049C318 /* Build configuration list for PBXProject "DigitalClock" */ = {
			isa = XCConfigurationList;
			buildConfigurations = (
				FCD37CF720809A250049C318 /* Debug */,
				FCD37CF820809A250049C318 /* Release */,
			);
			defaultConfigurationIsVisible = 0;
			defaultConfigurationName = Release;
		};
		FCD37CF920809A250049C318 /* Build configuration list for PBXNativeTarget "DigitalClock" */ = {
			isa = XCConfigurationList;
			buildConfigurations = (
				FCD37CFA20809A250049C318 /* Debug */,
				FCD37CFB20809A250049C318 /* Release */,
			);
			defaultConfigurationIsVisible = 0;
			defaultConfigurationName = Release;
		};
/* End XCConfigurationList section */
	};
	rootObject = FCD37CDB20809A230049C318 /* Project object */;
}
